lockVersion: 2.0.0
id: c7f6c036-204b-41cd-82f7-ba28eed256ec
management:
  docChecksum: c7e98d8b5bc9be6f81f0eeed1f3a5870
  docVersion: 0.1.0
  speakeasyVersion: 1.697.5
  generationVersion: 2.799.0
  releaseVersion: 0.0.3
  configChecksum: a9f66b569f7b3eb3e5d19d8b8d541ab6
features:
  go:
    acceptHeaders: 2.81.2
    additionalDependencies: 0.1.0
    additionalProperties: 0.1.2
    core: 3.13.10
    defaultEnabledRetries: 0.2.0
    devContainers: 2.90.0
    downloadStreams: 0.1.2
    envVarSecurityUsage: 0.3.2
    flattening: 2.81.1
    globalSecurityCallbacks: 0.1.0
    globalServerURLs: 2.83.0
    intellisenseMarkdownSupport: 0.1.0
    nullables: 0.2.1
    responseFormat: 0.1.2
    retries: 2.84.2
    sdkHooks: 0.3.0
    uploadStreams: 0.1.0
trackedFiles:
  .devcontainer/README.md:
    last_write_checksum: sha1:55485c0c6f488af7b6d15229fef6b69c113c2105
  .devcontainer/devcontainer.json:
    last_write_checksum: sha1:a518b2fc2f92e998593a1dcb935db4ca1eb2e2f1
  .devcontainer/setup.sh:
    last_write_checksum: sha1:84cfba8802230186e48c55b5b99b4697215e0b96
  .gitattributes:
    last_write_checksum: sha1:84b0115789fc3ea52e31df701d8a27f76077e29f
  USAGE.md:
    last_write_checksum: sha1:f98061419afa5a580fd56664092a2b17167d1f11
  deployserver.go:
    last_write_checksum: sha1:70c963bf89b784569b8068c3ad8e72e06d7d3dc3
  docs/models/components/app.md:
    last_write_checksum: sha1:223551b0228ef49a4fbc16dce5403b407354741a
  docs/models/components/application.md:
    last_write_checksum: sha1:970bd87a5ca3b063e55ebc0125238be29681412e
  docs/models/components/appresponse.md:
    last_write_checksum: sha1:bc1cb4578672a35de623e2c851eb3cd7ac1ef282
  docs/models/components/appversionresponse.md:
    last_write_checksum: sha1:f2afe00b929df2f3a047fe3eebfb4aa395fe7979
  docs/models/components/configurationversion.md:
    last_write_checksum: sha1:8d045a93cc3b2f1dda652e6c95b8c146528bb795
  docs/models/components/connector.md:
    last_write_checksum: sha1:6a88331ae12c6f1d4f263db8d20d59f64d9e32b5
  docs/models/components/createapprequest.md:
    last_write_checksum: sha1:c03c2599569f507d863d513797f9eda11886e83f
  docs/models/components/createvariablerequest.md:
    last_write_checksum: sha1:650be824e43882247b0beb008425e05b8182f946
  docs/models/components/createvariableresponse.md:
    last_write_checksum: sha1:6f884cdcec2003eaa5bf016cc521b269869a0628
  docs/models/components/diagnostic.md:
    last_write_checksum: sha1:400c427b8f4d2f679b42cf4e115cefa0576b9780
  docs/models/components/dotself.md:
    last_write_checksum: sha1:5794f003e20bfcab4f50501881214e2dae5c24e7
  docs/models/components/error.md:
    last_write_checksum: sha1:67ff5cffb317e73ab0aa0986d083b10318bb1962
  docs/models/components/httpmetadata.md:
    last_write_checksum: sha1:7c40945dac218ce5e5e11e7c907d27a3ea14c417
  docs/models/components/ledger.md:
    last_write_checksum: sha1:732702cf7ce8452d481d9bef551fbd26690da2a6
  docs/models/components/listappsresponse.md:
    last_write_checksum: sha1:913aa9678e2c21b99e8623583272fbde0e36325d
  docs/models/components/listappsresponsedata.md:
    last_write_checksum: sha1:37b9cb934db5481b899602dfd48f3b26b77d2f63
  docs/models/components/listrunsresponse.md:
    last_write_checksum: sha1:8a1513e66b60fa351cabba727d7638fcc6d9f4cc
  docs/models/components/listrunsresponsedata.md:
    last_write_checksum: sha1:df03c4d6090875f85990285fc2cc97fe81d276f3
  docs/models/components/listversionsresponse.md:
    last_write_checksum: sha1:328a745f8ee1ec2021efe8ded9354bd89aaf3af7
  docs/models/components/listversionsresponsedata.md:
    last_write_checksum: sha1:779e7d3491d843df874139aa20872696a517cbc2
  docs/models/components/log.md:
    last_write_checksum: sha1:fe10c25795ae294bfc0a249a2114242b31f28b30
  docs/models/components/payments.md:
    last_write_checksum: sha1:70e1b495f105bee819b57e4c02d92dcc5a00581e
  docs/models/components/pool.md:
    last_write_checksum: sha1:097b5cd1e81628bf28bce33e2aeeaff734216b35
  docs/models/components/readlogsresponse.md:
    last_write_checksum: sha1:e057941f9e846b32c1f3b7292f0d7ac7f2584d3f
  docs/models/components/readstateresponse.md:
    last_write_checksum: sha1:921c94e96eca43c892c9990e3e6d29eb46ce388d
  docs/models/components/readvariablesresponse.md:
    last_write_checksum: sha1:c67b43d758ecd9e97bd4340a2ca74cebded4dd87
  docs/models/components/readvariablesresponsedata.md:
    last_write_checksum: sha1:11d81eb3f9ca87ad874a3151ee91adf8cdb3a25e
  docs/models/components/reconciliation.md:
    last_write_checksum: sha1:27a055002407b877bb0708ce659d6a248522db08
  docs/models/components/reconciliationledger.md:
    last_write_checksum: sha1:c03105aae10efdd87c64ac5588c98f062d48f6f8
  docs/models/components/reconciliationpolicy.md:
    last_write_checksum: sha1:4f10d93bee8236307b6e98ba76b76c36a1bf75ea
  docs/models/components/regionselector.md:
    last_write_checksum: sha1:6262868028808421d1101c9e4c038d45d60fbf7f
  docs/models/components/run.md:
    last_write_checksum: sha1:27913cdc368362fadff50a2fd6cd6107570bf03c
  docs/models/components/runresponse.md:
    last_write_checksum: sha1:5224699dc1b74970f9ab18749048d4f0e00e90a8
  docs/models/components/stack.md:
    last_write_checksum: sha1:ceb79a9a5d3b596d143e448c586effde78222cf1
  docs/models/components/state.md:
    last_write_checksum: sha1:b0fe3862fd1d6e0b52a7e0342f382be0c9e24c88
  docs/models/components/status.md:
    last_write_checksum: sha1:2b206b8a76f9b69407bd59a3e873254685aa728f
  docs/models/components/updateapprequest.md:
    last_write_checksum: sha1:879ca1e57318e56d07bb0fbe4cc492a149eb2c63
  docs/models/components/v2chartaccountmetadata.md:
    last_write_checksum: sha1:732e89940ae7acc5f0d54d04e1b8f9ea813fa0a3
  docs/models/components/v2chartaccountrules.md:
    last_write_checksum: sha1:d169735f4e3fc2f0c9ffbda8814db15a9a255507
  docs/models/components/v2chartsegment.md:
    last_write_checksum: sha1:dc18430a8c08a1310b69f39cd9081f6a3e71dbe4
  docs/models/components/v2schemadata.md:
    last_write_checksum: sha1:3225f89bbe8a8bf5d280132150c2a42dc1186ea4
  docs/models/components/v2transactiontemplate.md:
    last_write_checksum: sha1:82029ec44e92b746bb4e883c98bd8e15a42ddb40
  docs/models/components/variable.md:
    last_write_checksum: sha1:2d7684411a60c39bc4533e2b1a60662a3bda676a
  docs/models/components/variabledata.md:
    last_write_checksum: sha1:2efee4853da2208764c45f66272b90293f88dc64
  docs/models/components/webhook.md:
    last_write_checksum: sha1:2ea02c09b7b3d68ec48b9269e613170d7b643930
  docs/models/operations/createappresponse.md:
    last_write_checksum: sha1:357317e66e4b7703f26de3777fc0e3438b520cf6
  docs/models/operations/createappvariablerequest.md:
    last_write_checksum: sha1:c8c0c188ab14afac6cc6c0668c04bbe820a3dd77
  docs/models/operations/createappvariableresponse.md:
    last_write_checksum: sha1:2997e3902e9b95ad72de1a228b189e7e4256801c
  docs/models/operations/deleteapprequest.md:
    last_write_checksum: sha1:ff325434989a5bc76657e78d14f1cde83da6812b
  docs/models/operations/deleteappresponse.md:
    last_write_checksum: sha1:27ad8ba2d9831e1ee63c2bc391225189ee55be88
  docs/models/operations/deleteappvariablerequest.md:
    last_write_checksum: sha1:ad073242167a2754f8f5bb88b96378d1f8c78cce
  docs/models/operations/deleteappvariableresponse.md:
    last_write_checksum: sha1:d0801eb3f8fb163d540d5bffb917a9942ce707e2
  docs/models/operations/deployappconfigurationrawrequest.md:
    last_write_checksum: sha1:68104ede691fd69e0737be88f0562d2733dd063a
  docs/models/operations/deployappconfigurationrawresponse.md:
    last_write_checksum: sha1:3a0247f3bc8058126adc6d3adfc1e2e821b6d329
  docs/models/operations/deployappconfigurationrequest.md:
    last_write_checksum: sha1:5a615355906fa7dc642b3931f4369d5e0e38ab9d
  docs/models/operations/deployappconfigurationresponse.md:
    last_write_checksum: sha1:c0a96e35ec668fd1a50e00b5a71b150365e377d2
  docs/models/operations/from.md:
    last_write_checksum: sha1:55c3cbe74b8ec6ab8486e91ec2fb61f3f8ab466b
  docs/models/operations/listappsrequest.md:
    last_write_checksum: sha1:c45b6cc66a1c587276f30bfd74cdedb9440912b8
  docs/models/operations/listappsresponse.md:
    last_write_checksum: sha1:54f047b67d567b402899316ba8dc2bae26889df4
  docs/models/operations/option.md:
    last_write_checksum: sha1:08cfee5d266c9d82987e448f6c98a143aa42c5f8
  docs/models/operations/readappcurrentstateversionrequest.md:
    last_write_checksum: sha1:b6c8361b7febae208a7877b6722f145dfd4e1070
  docs/models/operations/readappcurrentstateversionresponse.md:
    last_write_checksum: sha1:d67508acd7fc69f8ed14ce8a06516abb6abe7bb5
  docs/models/operations/readapprequest.md:
    last_write_checksum: sha1:c9ffbca6eb219f046ba26dac9dc3a1f59546a5b2
  docs/models/operations/readappresponse.md:
    last_write_checksum: sha1:40f059afc4ded4284b1318ea86c9d6ed9d281d25
  docs/models/operations/readapprunsrequest.md:
    last_write_checksum: sha1:d7cedbea007af5a81c481087a29c054601dc1b2c
  docs/models/operations/readapprunsresponse.md:
    last_write_checksum: sha1:79ae975345fc9538c6c1d09e299dd743a7f60398
  docs/models/operations/readappvariablesrequest.md:
    last_write_checksum: sha1:e33720d7df27f59ca4ecf06d8e44d0e5ff6cc6f8
  docs/models/operations/readappvariablesresponse.md:
    last_write_checksum: sha1:3a9135c3914273ff65e2771e62c72eb0d2702d4a
  docs/models/operations/readappversionsrequest.md:
    last_write_checksum: sha1:94ce33f45746049c6e4ab4fab5aecb56eaabea8e
  docs/models/operations/readappversionsresponse.md:
    last_write_checksum: sha1:aeceb78d90617cb7fa775051feb5cfc44569cf9f
  docs/models/operations/readcurrentappversionrequest.md:
    last_write_checksum: sha1:86747ef8b9a489a757dafdd75f0b182e8f4485f0
  docs/models/operations/readcurrentappversionresponse.md:
    last_write_checksum: sha1:491186fc4933cb71d3130579300ed7e69555265a
  docs/models/operations/readcurrentrunlogsrequest.md:
    last_write_checksum: sha1:db2c3493754a544d6c4bf94852086ee8394854ed
  docs/models/operations/readcurrentrunlogsresponse.md:
    last_write_checksum: sha1:c278e8dbfddb9a2220af33436551d2d05cc72a77
  docs/models/operations/readcurrentrunrequest.md:
    last_write_checksum: sha1:0f7eb2260337ffbf606b433dcd29cce7b0bb7314
  docs/models/operations/readcurrentrunresponse.md:
    last_write_checksum: sha1:ef7881e6c7df498fc6d352870ff34565696bc3fa
  docs/models/operations/readrunlogsrequest.md:
    last_write_checksum: sha1:20bfdae445947935cf99286da734492be5fe8709
  docs/models/operations/readrunlogsresponse.md:
    last_write_checksum: sha1:8dcbc1c3a959365ef03495f9e3245b0589acd0c3
  docs/models/operations/readrunrequest.md:
    last_write_checksum: sha1:fd3e71da303e218edf3e6da35738f4b43a3fe816
  docs/models/operations/readrunresponse.md:
    last_write_checksum: sha1:8a9336fdf077798032f8dff0f6c9a7550858542e
  docs/models/operations/readversionrequest.md:
    last_write_checksum: sha1:1c7f00f335b02df5bbee94b290cbf5de3d20ee6d
  docs/models/operations/readversionresponse.md:
    last_write_checksum: sha1:8bfaf2042b0b24e15029758aa611450529515799
  docs/models/operations/updateapprequest.md:
    last_write_checksum: sha1:77a7b0067d5272a32bd4a9408f1fed74817af7cb
  docs/models/operations/updateappresponse.md:
    last_write_checksum: sha1:7d2496e58922053f42abccddb3059ab263e527cc
  docs/sdks/deployserver/README.md:
    last_write_checksum: sha1:3e4d86f097074148bc3fd6f3f48e85ea647bb648
  go.mod:
    last_write_checksum: sha1:50a4c3c5b2070e59f9a5dc21850902e6c8609a7d
  internal/config/sdkconfiguration.go:
    last_write_checksum: sha1:c10157458cd332625788a531a0a182f63b760499
  internal/hooks/hooks.go:
    last_write_checksum: sha1:8e13990771df0e19050836adcc854fa5d4fb3b65
  internal/utils/contenttype.go:
    last_write_checksum: sha1:ab5cfd860d02c6e6a37f89e2b5649a9859947fb1
  internal/utils/env.go:
    last_write_checksum: sha1:1e0bcb2d2caed9f3657f1dbc99b55811bed0298c
  internal/utils/form.go:
    last_write_checksum: sha1:e6fe9f1d3f787552b98c8c50f3c5131eec458b0c
  internal/utils/headers.go:
    last_write_checksum: sha1:e983ebb92efce2f021cf318e126d801286a2eb2a
  internal/utils/json.go:
    last_write_checksum: sha1:8b1cfc73274971f0ca3e4e6418601864ae517dea
  internal/utils/pathparams.go:
    last_write_checksum: sha1:632b62511b5d0a5a41773a4523839052157c0831
  internal/utils/queryparams.go:
    last_write_checksum: sha1:a673fa2cb05995baf27ef7697e212d848bd206ef
  internal/utils/requestbody.go:
    last_write_checksum: sha1:04bb1756908f3d0b03bb28ba1d4dca23954085ae
  internal/utils/retries.go:
    last_write_checksum: sha1:26594a38d7f3dfb3a2481ac4ceeb14e322568282
  internal/utils/security.go:
    last_write_checksum: sha1:451524017dfed1da96bdd9bc1749546f8d2aa110
  internal/utils/union.go:
    last_write_checksum: sha1:175cdb4480fe3768915ba0cab59ed966aa708a05
  internal/utils/union_test.go:
    last_write_checksum: sha1:83ac73c1901de4c6db90f65cf5879163f3d47a00
  internal/utils/utils.go:
    last_write_checksum: sha1:66b0ef3c302e2edad3496775a6e5b452caceefd6
  models/apierrors/apierror.go:
    last_write_checksum: sha1:e699d3325ea82ea2b0d29656396210f0513c3391
  models/components/app.go:
    last_write_checksum: sha1:e95750abefd32136b211ebd00e67216bb91ced64
  models/components/application.go:
    last_write_checksum: sha1:0232f8bcdb4dded11359511039c2e5be3e133254
  models/components/appresponse.go:
    last_write_checksum: sha1:bdff82f448bddce0afa6dcc57eb419a85ac9c838
  models/components/appversionresponse.go:
    last_write_checksum: sha1:5a9e50c85411e46ccaa4c5c478dab33caa66dd83
  models/components/configurationversion.go:
    last_write_checksum: sha1:a5d85cfc81d7fae6e4e264621567d3cb96fac022
  models/components/createapprequest.go:
    last_write_checksum: sha1:c45838a17c103c1828261ea98af0e26113952994
  models/components/createvariablerequest.go:
    last_write_checksum: sha1:21927cc16417d770f3316f5149d4c4372e1e769e
  models/components/createvariableresponse.go:
    last_write_checksum: sha1:535319349aea6d5e46c816b055e070473bd8e906
  models/components/dotself.go:
    last_write_checksum: sha1:c65e6be05b26e9ae89d48ecef2c3ca3b8d03f34c
  models/components/error.go:
    last_write_checksum: sha1:efc3e6ac936035aa92e4e5c44079b9850a823c0f
  models/components/httpmetadata.go:
    last_write_checksum: sha1:01a20fcff33179809ff9920ee431c7adabbd98f1
  models/components/ledger.go:
    last_write_checksum: sha1:792f3eb0ea0152902a753d33dd2a7b1b11819d62
  models/components/listappsresponse.go:
    last_write_checksum: sha1:3215d6f30cbaa5998155495888c7a6cad2acc7e5
  models/components/listrunsresponse.go:
    last_write_checksum: sha1:e42115586c33e997dce4fed4418e54b843d2dbe6
  models/components/listversionsresponse.go:
    last_write_checksum: sha1:d0d737abf32ce7d49fd2b291d2f6d33723960aab
  models/components/log.go:
    last_write_checksum: sha1:ada35ca8b2338d03d922dd487fcd475851287919
  models/components/payments.go:
    last_write_checksum: sha1:ea307588d72741b31b56f019ca48e99dd4af5a85
  models/components/pool.go:
    last_write_checksum: sha1:b00d54147fe5456353fd4ef041b5a0697d29c383
  models/components/readlogsresponse.go:
    last_write_checksum: sha1:a32871c0c7b94ab69ad45fa63a2583ca6df4bc8e
  models/components/readstateresponse.go:
    last_write_checksum: sha1:484ac6fa657ede551ab617dcbc01b23d4740c62e
  models/components/readvariablesresponse.go:
    last_write_checksum: sha1:37d01dc5de8d3752515b047fb8825c86e749037b
  models/components/reconciliation.go:
    last_write_checksum: sha1:087c170a6b5e88f5e01ad3b2f0a0c6df4bbdd7b7
  models/components/reconciliationledger.go:
    last_write_checksum: sha1:14229b05493f79a3da567879524d06344cecbe3d
  models/components/reconciliationpolicy.go:
    last_write_checksum: sha1:3303a9cdea1b21bd9cb8b4d5f761e6683e6b99e6
  models/components/regionselector.go:
    last_write_checksum: sha1:86c05e2c22944180fec2bcffb87a91510b898545
  models/components/run.go:
    last_write_checksum: sha1:83d5d8c8a707db0c7928a4464520515960267928
  models/components/runresponse.go:
    last_write_checksum: sha1:e0873d1a0f2ad4257d382609302b423a42714d09
  models/components/stack.go:
    last_write_checksum: sha1:2082ac329b31bed0f0d90c720080b0b536d78fef
  models/components/state.go:
    last_write_checksum: sha1:258c2d5613f704c0888f55582006bfbef2c745b8
  models/components/updateapprequest.go:
    last_write_checksum: sha1:5e4a426800d793ecb1eca95787f837afdd8ec098
  models/components/v2chartaccountmetadata.go:
    last_write_checksum: sha1:1f48a6cba68fc50f8618d8e4dbfccfe26aedf570
  models/components/v2chartaccountrules.go:
    last_write_checksum: sha1:52aafe08753e64877c4ffa8a46dd4d8d665c93f3
  models/components/v2chartsegment.go:
    last_write_checksum: sha1:56d04f2a8c0964f397184b9ec6d4cc7b608127b8
  models/components/v2schemadata.go:
    last_write_checksum: sha1:1ce4f6f1a9542004b45a7c203255ba02866d2fe0
  models/components/v2transactiontemplate.go:
    last_write_checksum: sha1:3264366d507048bebe5444ff1e537be304991ab9
  models/components/variable.go:
    last_write_checksum: sha1:cfce50fe2bf51883c4141222b37e4eb75e69960f
  models/components/variabledata.go:
    last_write_checksum: sha1:7db3a68271a4d8fad726a87aa9c0d69bea63c803
  models/components/webhook.go:
    last_write_checksum: sha1:f87b988fdde5075fee5fd70676ce3b769ecf18e0
  models/operations/createapp.go:
    last_write_checksum: sha1:03dd451f07dd35d0b68ac12258a58303921786d8
  models/operations/createappvariable.go:
    last_write_checksum: sha1:652626cbdd94c4931a996aa747d5820906c902ac
  models/operations/deleteapp.go:
    last_write_checksum: sha1:8810d2e32c1247c420cdd2e0da302aa2db4a1529
  models/operations/deleteappvariable.go:
    last_write_checksum: sha1:f2552acc5ebf915bfba8e924a98d47f29b6b88e0
  models/operations/deployappconfiguration.go:
    last_write_checksum: sha1:e9bd4448bc54e6e82adb93241fbe39efe4912bc3
  models/operations/deployappconfigurationraw.go:
    last_write_checksum: sha1:b27527806ccdf787fc2c1aa187d161795a86d894
  models/operations/listapps.go:
    last_write_checksum: sha1:dacd35e4be6549d82a5f1e4f6eebf15e360c6795
  models/operations/options.go:
    last_write_checksum: sha1:43c4298d242444107b27d81096ba361a9672791c
  models/operations/readapp.go:
    last_write_checksum: sha1:a43aa790dd9341c6e6baf510f53850926c583536
  models/operations/readappcurrentstateversion.go:
    last_write_checksum: sha1:02a7e1f7044d54a48773314168592bfa4c442a79
  models/operations/readappruns.go:
    last_write_checksum: sha1:4fde8c34b3b5a6d14cdf98a6253dad1841d791ca
  models/operations/readappvariables.go:
    last_write_checksum: sha1:251a677607da6e51c6ed99d10c098a5f4b2fbe90
  models/operations/readappversions.go:
    last_write_checksum: sha1:302dc3ced3a7457fa443c80c8fdb1a434484741e
  models/operations/readcurrentappversion.go:
    last_write_checksum: sha1:29eb3c5be524c4558e48eff85db2687d234402d8
  models/operations/readcurrentrun.go:
    last_write_checksum: sha1:d0b0df40aec7351e43dd47a2e6d73f50b7dc5680
  models/operations/readcurrentrunlogs.go:
    last_write_checksum: sha1:a5919ec089a21eb732b445d7035d04e6788b8018
  models/operations/readrun.go:
    last_write_checksum: sha1:941b5fe98b31d1d7b29c469bbf91e62f04f8fd3e
  models/operations/readrunlogs.go:
    last_write_checksum: sha1:17490868b32fbbd853a831e0962cc9e319f4362b
  models/operations/readversion.go:
    last_write_checksum: sha1:f9df291f91f47b80f88e2fbebe3041b83c3e25d1
  models/operations/updateapp.go:
    last_write_checksum: sha1:789c0496ed22099e426d71996b0052126512eb2b
  optionalnullable/optionalnullable.go:
    last_write_checksum: sha1:d6aff1a420c31e025ea21d46cf056e305ae76fe8
  optionalnullable/optionalnullable_test.go:
    last_write_checksum: sha1:2e9433eff1651ac77d6678ea76880d9a4980cbc2
  retry/config.go:
    last_write_checksum: sha1:f565273be789ffe0e3c160de1ac72a63cfe67fbe
  types/bigint.go:
    last_write_checksum: sha1:49b004005d0461fb04b846eca062b070b0360b31
  types/date.go:
    last_write_checksum: sha1:3036a2e1ed15a1d484c093367eba000c38f384d0
  types/datetime.go:
    last_write_checksum: sha1:196d050af6450669214e9ae4fd28e56263ae2b5d
  types/pointers.go:
    last_write_checksum: sha1:fc2275ea006257ba9ba4ff6f2a2cdb6205371eef
examples:
  listApps:
    speakeasy-default-list-apps:
      parameters:
        query:
          organizationId: "<id>"
      responses:
        "200":
          application/json: {"data": {"items": []}}
        default:
          application/json: {"errorCode": "<value>"}
  createApp:
    speakeasy-default-create-app:
      requestBody:
        application/json: {"organizationId": "<id>"}
      responses:
        "201":
          application/json: {"data": {"id": "<id>", "name": "<value>"}}
        default:
          application/json: {"errorCode": "<value>"}
  updateApp:
    speakeasy-default-update-app:
      parameters:
        path:
          id: "<id>"
      requestBody:
        application/json: {}
      responses:
        default:
          application/json: {"errorCode": "<value>"}
  readApp:
    speakeasy-default-read-app:
      parameters:
        path:
          id: "<id>"
      responses:
        "200":
          application/json: {"data": {"id": "<id>", "name": "<value>"}}
        default:
          application/json: {"errorCode": "<value>"}
  deleteApp:
    speakeasy-default-delete-app:
      parameters:
        path:
          id: "<id>"
      responses:
        default:
          application/json: {"errorCode": "<value>"}
  readAppCurrentStateVersion:
    speakeasy-default-read-app-current-state-version:
      parameters:
        path:
          id: "<id>"
      responses:
        "200":
          application/json: {"data": {"stack": {"key": "<value>", "key1": "<value>", "key2": "<value>"}}}
        default:
          application/json: {"errorCode": "<value>"}
  readAppVariables:
    speakeasy-default-read-app-variables:
      parameters:
        path:
          id: "<id>"
      responses:
        "200":
          application/json: {"data": {}}
        default:
          application/json: {"errorCode": "<value>"}
  createAppVariable:
    speakeasy-default-create-app-variable:
      parameters:
        path:
          id: "<id>"
      requestBody:
        application/json: {"variable": {"key": "<key>", "value": "<value>", "sensitive": false}}
      responses:
        "201":
          application/json: {"data": {"key": "<key>", "value": "<value>", "sensitive": false, "id": "<id>"}}
        default:
          application/json: {"errorCode": "<value>"}
  deleteAppVariable:
    speakeasy-default-delete-app-variable:
      parameters:
        path:
          id: "<id>"
          variableId: "<id>"
      responses:
        default:
          application/json: {"errorCode": "<value>"}
  readAppRuns:
    speakeasy-default-read-app-runs:
      parameters:
        path:
          id: "<id>"
      responses:
        "200":
          application/json: {"data": {"items": [{"id": "<id>", "autoApply": true, "createdAt": "2026-03-02T05:46:18.656Z", "isDestroy": false, "hasChanges": true, "message": "<value>", "planOnly": true, "refresh": false, "refreshOnly": true, "savePlan": true, "status": "<value>"}]}}
        default:
          application/json: {"errorCode": "<value>"}
  readAppVersions:
    speakeasy-default-read-app-versions:
      parameters:
        path:
          id: "<id>"
      responses:
        "200":
          application/json: {"data": {"items": []}}
        default:
          application/json: {"errorCode": "<value>"}
  deployAppConfiguration:
    speakeasy-default-deploy-app-configuration-raw:
      parameters:
        path:
          id: "<id>"
      requestBody:
        application/yaml: "x-file: example.file"
      responses:
        "202":
          application/json: {"data": {"id": "<id>", "autoApply": true, "createdAt": "2026-06-20T11:04:58.624Z", "isDestroy": false, "hasChanges": false, "message": "<value>", "planOnly": true, "refresh": true, "refreshOnly": true, "savePlan": false, "status": "<value>"}}
        default:
          application/json: {"errorCode": "<value>"}
    speakeasy-default-deploy-app-configuration:
      parameters:
        path:
          id: "<id>"
      requestBody:
        application/json: {"stack": {"name": "<value>", "region": {}}}
      responses:
        "202":
          application/json: {"data": {"id": "<id>", "autoApply": true, "createdAt": "2026-06-20T11:04:58.624Z", "isDestroy": false, "hasChanges": false, "message": "<value>", "planOnly": true, "refresh": true, "refreshOnly": true, "savePlan": false, "status": "<value>"}}
        default:
          application/json: {"errorCode": "<value>"}
  readCurrentRun:
    speakeasy-default-read-current-run:
      parameters:
        path:
          id: "<id>"
      responses:
        "200":
          application/json: {"data": {"id": "<id>", "autoApply": true, "createdAt": "2026-08-19T01:34:09.674Z", "isDestroy": true, "hasChanges": true, "message": "<value>", "planOnly": false, "refresh": false, "refreshOnly": false, "savePlan": true, "status": "<value>"}}
        default:
          application/json: {"errorCode": "<value>"}
  readVersion:
    speakeasy-default-read-version:
      parameters:
        path:
          id: "<id>"
      responses:
        "200":
          application/json: {"data": {"id": "<id>", "autoQueueRuns": false, "error": "<value>", "errorMessage": "<value>", "status": "uploaded"}}
          application/gzip: "x-file: example.file"
          application/yaml: "x-file: example.file"
        default:
          application/json: {"errorCode": "<value>"}
  readRun:
    speakeasy-default-read-run:
      parameters:
        path:
          id: "<id>"
      responses:
        "200":
          application/json: {"data": {"id": "<id>", "autoApply": false, "createdAt": "2025-05-09T05:04:30.620Z", "isDestroy": false, "hasChanges": false, "message": "<value>", "planOnly": false, "refresh": false, "refreshOnly": true, "savePlan": true, "status": "<value>"}}
        default:
          application/json: {"errorCode": "<value>"}
  readRunLogs:
    speakeasy-default-read-run-logs:
      parameters:
        path:
          id: "<id>"
      responses:
        "200":
          application/json: {}
        default:
          application/json: {"errorCode": "<value>"}
  readCurrentRunLogs:
    speakeasy-default-read-current-run-logs:
      parameters:
        path:
          id: "<id>"
      responses:
        "200":
          application/json: {}
        default:
          application/json: {"errorCode": "<value>"}
  readCurrentAppVersion:
    speakeasy-default-read-current-app-version:
      parameters:
        path:
          id: "<id>"
      responses:
        "200":
          application/json: {"data": {"id": "<id>", "autoQueueRuns": false, "error": "<value>", "errorMessage": "<value>", "status": "errored"}}
          application/gzip: "x-file: example.file"
          application/yaml: "x-file: example.file"
        default:
          application/json: {"errorCode": "<value>"}
examplesVersion: 1.0.2
generatedTests: {}
