lockVersion: 2.0.0
id: 12df0dd4-09cf-49f5-8116-53c77b28ba01
management:
  docChecksum: ee21a5f5456f3f2188ed953ae3ef8494
  docVersion: 0.1.0
  speakeasyVersion: 1.759.2
  generationVersion: 2.869.23
  releaseVersion: 0.1.0
  configChecksum: 0445386bbafa86450656df7324d2976d
persistentEdits:
  generation_id: 8a99ae7c-50e5-4e11-89b3-0ab5a6df74f8
  pristine_commit_hash: 8672d65ed91534e68c9ae2097ed5580ce6563cc6
  pristine_tree_hash: 8f8f663a8535667ebc4ef9fb30ad2d251692af17
features:
  go:
    acceptHeaders: 2.81.2
    additionalDependencies: 0.1.0
    core: 3.13.40
    defaultEnabledRetries: 0.2.0
    devContainers: 2.90.0
    downloadStreams: 0.1.2
    envVarSecurityUsage: 0.3.2
    flattening: 2.81.2
    globalSecurityCallbacks: 0.1.0
    globalServerURLs: 2.83.1
    intellisenseMarkdownSupport: 0.1.0
    responseFormat: 0.1.2
    retries: 2.84.2
    sdkHooks: 0.3.0
    uploadStreams: 0.1.0
trackedFiles:
  .devcontainer/README.md:
    id: b170c0f184ac
    last_write_checksum: sha1:55485c0c6f488af7b6d15229fef6b69c113c2105
    pristine_git_object: a1810600850c8957c76ebb640e0e9f125b36864d
  .devcontainer/devcontainer.json:
    id: b34062a34eb1
    last_write_checksum: sha1:a518b2fc2f92e998593a1dcb935db4ca1eb2e2f1
    pristine_git_object: 92f5ba5b54156225322fb4b09d2acf4abde9abc9
  .devcontainer/setup.sh:
    id: 5f1dfbfeb8eb
    last_write_checksum: sha1:84cfba8802230186e48c55b5b99b4697215e0b96
    pristine_git_object: 0082d5d8a10b1ebe1df5711ccd334aae52d994ad
  .gitattributes:
    id: 24139dae6567
    last_write_checksum: sha1:84b0115789fc3ea52e31df701d8a27f76077e29f
    pristine_git_object: e6a994416d0f527912d2d272e2583458f4fc9bcb
  USAGE.md:
    id: 3aed33ce6e6f
    last_write_checksum: sha1:bbacdb3bf345353aefe798258bf788687afab777
    pristine_git_object: eb58123de9ffa74878d22ed28cc871ffefdc7ca6
  deployserver.go:
    id: 4e88cb1c88d3
    last_write_checksum: sha1:8ecfff0bcfc8fefda875b20771a042dfd9197117
    pristine_git_object: 6f3c1ca2ca0244de5a45cf670edc59ba799d9292
  docs/models/apierrors/error.md:
    id: 7c6e7719d689
    last_write_checksum: sha1:e3115a5a7de0780066dc4a2256c42f7c0976447b
    pristine_git_object: 5450343d4870b85f53cb47ab9190928cf72fb86f
  docs/models/components/app.md:
    id: a31b0d7743a7
    last_write_checksum: sha1:247e676731d167fc1e4153bb383c48fcb356582d
    pristine_git_object: 579a521cb8e58906bc5c96f80d87e2456d77c43b
  docs/models/components/appresponse.md:
    id: d91756763bd8
    last_write_checksum: sha1:bc1cb4578672a35de623e2c851eb3cd7ac1ef282
    pristine_git_object: 4b41a7e872fa8e853f9b1121498b03f2c9ff7484
  docs/models/components/createapprequest.md:
    id: f64ccea218c9
    last_write_checksum: sha1:8281f54cb47b92d3af4f645c6029dd2941ea7572
    pristine_git_object: 8d2ae919f0a7e732719ebf8ed5b29c959c68a54b
  docs/models/components/createdeploymentrequest.md:
    id: f4fbf8bda1d8
    last_write_checksum: sha1:26fa217edfdff939738d3f03c714a2886772dc5d
    pristine_git_object: dc6b0ccc3ad1e46668af053d52a0f30a09c0c4f6
  docs/models/components/createmanifestresponse.md:
    id: 2a7b75671c99
    last_write_checksum: sha1:e4ca70d53026357309f5fda874e961576469dd27
    pristine_git_object: 50f2431438296e07de096d4bea3c2dc01d1a5ffe
  docs/models/components/createmanifestresponsedata.md:
    id: bf8a9aa0fb9d
    last_write_checksum: sha1:2d487d881c37e3f1d3cb2b0b3d8dd2370bfc3f68
    pristine_git_object: dd1916f2dcb20050e33f11acfee12ba898728bc1
  docs/models/components/createvariablerequest.md:
    id: 1656d1204270
    last_write_checksum: sha1:650be824e43882247b0beb008425e05b8182f946
    pristine_git_object: a18fbe1a7c9214e01ab88c294a26b33e5bf336e7
  docs/models/components/createvariableresponse.md:
    id: 77cc5c4876b1
    last_write_checksum: sha1:6f884cdcec2003eaa5bf016cc521b269869a0628
    pristine_git_object: 82ba7c122ddd49378c9e1880cde26477645bb5ae
  docs/models/components/deploymentresource.md:
    id: cdd39d4f1853
    last_write_checksum: sha1:24d0d8ea7c4713a56c5002266ed310a5dbe48ea4
    pristine_git_object: 00ee3a59b7610b57f98608e6d0871101bfb17020
  docs/models/components/deploymentresponse.md:
    id: 30bd20db7b83
    last_write_checksum: sha1:5a7aab41fc5ad3264cc5ecc0a7a4e32d5fd3b2e3
    pristine_git_object: e5a1bb0f3398f1826e9712997c145579c6151784
  docs/models/components/diagnostic.md:
    id: 201e27a8a975
    last_write_checksum: sha1:317229cc87d1448ed825e407aca88c0adb7442b6
    pristine_git_object: 0d90d8be9c298a731d3f1fa6e5866ce0430960a3
  docs/models/components/error.md:
    id: 8ccbea40d025
    last_write_checksum: sha1:e3115a5a7de0780066dc4a2256c42f7c0976447b
    pristine_git_object: 5450343d4870b85f53cb47ab9190928cf72fb86f
  docs/models/components/httpmetadata.md:
    id: 728948c70168
    last_write_checksum: sha1:7c40945dac218ce5e5e11e7c907d27a3ea14c417
    pristine_git_object: df1fdd59f3c85e4ba70573ff7954b12ac1d33d08
  docs/models/components/listappsresponse.md:
    id: e0c61f1197fc
    last_write_checksum: sha1:913aa9678e2c21b99e8623583272fbde0e36325d
    pristine_git_object: 60800496ea21b54d93baf476e7be18db3d702608
  docs/models/components/listappsresponsedata.md:
    id: d692cd2a8694
    last_write_checksum: sha1:f78fc9143a13813cd301a43b30cac5ac1bad5095
    pristine_git_object: 8a07dd0a615eb99b8df520e59dea77b5e263989d
  docs/models/components/listdeploymentsresponse.md:
    id: bd1553c8e405
    last_write_checksum: sha1:28fe41b599a6ebf838dfaf6cdad28065c0e0f616
    pristine_git_object: 3154c0e458cc5e706ffa555cb6a848bcdf9bc819
  docs/models/components/listdeploymentsresponsedata.md:
    id: 1fbcb1bf6082
    last_write_checksum: sha1:4b4d7528205c4c21f81229c48dc1a509497b6940
    pristine_git_object: d6d948fca91298ecdd890f8173857cef9eed3659
  docs/models/components/listmanifestsresponse.md:
    id: e34a1d20941d
    last_write_checksum: sha1:05642b5f46cde4a1b8965d97c49f749b07fc9970
    pristine_git_object: ffc6e180d9b95ef9e7c707118b20b0974ed77a12
  docs/models/components/listmanifestsresponsedata.md:
    id: 6f25d9ec5a2d
    last_write_checksum: sha1:86f2d4b9cf24490d97ed0075e97a5d31b460f5cc
    pristine_git_object: bdbe00930aa49fd8e9d11e4091a916d91e87cc52
  docs/models/components/listmanifestversionsresponse.md:
    id: b038781da9cd
    last_write_checksum: sha1:fdf5ac17cc4c67db490542b19739e57d1955f6ad
    pristine_git_object: 90ffe672e4ef660c75ae3e01d26d07cda18b8a9f
  docs/models/components/listmanifestversionsresponsedata.md:
    id: d76d1e1a29cb
    last_write_checksum: sha1:707d98c3872db195d4c2f2c9b41b4a70e4041104
    pristine_git_object: f5f82a0eeb8ccfbd86e0a782fcf4f653fca3547b
  docs/models/components/log.md:
    id: e1037d748e03
    last_write_checksum: sha1:dad2f73e07553382b0ee972eebdb04229160e357
    pristine_git_object: 79e08b9c5265af867fa20da18fcdfdf66565238a
  docs/models/components/manifest.md:
    id: ab82543dfdb2
    last_write_checksum: sha1:0b0d14cedff0503de24c660fe099b2697f0f02b2
    pristine_git_object: b0e4e353d0778117fb718aa579fd1befdae712fd
  docs/models/components/manifestresponse.md:
    id: 7599449e468c
    last_write_checksum: sha1:80cd053266a1bfea9c64302b2bc5aafdbd2b7ea2
    pristine_git_object: 30a0ca2dbd06afc370502ab1d5d4b59d04fbe884
  docs/models/components/manifestversion.md:
    id: 2e7a2a66eda5
    last_write_checksum: sha1:642d679209158616f7ddac2023dcddfbea3b9533
    pristine_git_object: 608ea35c773d2b382929c84bd41e199b18c73624
  docs/models/components/manifestversionresponse.md:
    id: eb5b04b5ffcd
    last_write_checksum: sha1:ab09b1be64e1f96be13d52b60d95cd13c306199d
    pristine_git_object: fe14fcbdf85fca4009fceff944c4a6e8899ecbf8
  docs/models/components/readlogsresponse.md:
    id: ec725d9b453a
    last_write_checksum: sha1:e057941f9e846b32c1f3b7292f0d7ac7f2584d3f
    pristine_git_object: 01c385db354d9b90ea38b029551a3bbe27ba6415
  docs/models/components/readvariablesresponse.md:
    id: 9f63356b6b86
    last_write_checksum: sha1:c67b43d758ecd9e97bd4340a2ca74cebded4dd87
    pristine_git_object: dca4b95b3909ea793fc2b288c69e57171bda4224
  docs/models/components/readvariablesresponsedata.md:
    id: 40c212b90527
    last_write_checksum: sha1:9a6983e9988c7be9bd5a855648c1562e9f154e0b
    pristine_git_object: a8e3d430bcfa588e9f4969e8a8f1ffd24a320a10
  docs/models/components/state.md:
    id: 441de3ea6229
    last_write_checksum: sha1:0ee3cca8c7a402fc1aa36f5e3f8f75d277acc38c
    pristine_git_object: 1cf3a814d7870e07ddc02391e6be7ce0c29762c2
  docs/models/components/updateapprequest.md:
    id: 405074ca5d37
    last_write_checksum: sha1:d184f58db2351ccc0fa24f7a7606d63ec53984d4
    pristine_git_object: 61637f46a88b8bfa9bea421bbfab25668bfa47ea
  docs/models/components/updatemanifestrequest.md:
    id: 0ba0a64236c1
    last_write_checksum: sha1:ade50162ea19a7b5b5f609cf35b9abe6ccde6823
    pristine_git_object: 2df4cefaf6f3c0196b30afce2d6e1b54f58ea3c8
  docs/models/components/variable.md:
    id: 106f069148a0
    last_write_checksum: sha1:d276aea6e652e1f698b6e21029c0fc0d98874e83
    pristine_git_object: 6fc3df29f3b82591684ed73e4c26c5d0b5c89304
  docs/models/components/variabledata.md:
    id: 41fd2f11ae57
    last_write_checksum: sha1:33a510fe028f18cde19f69ada0334cddfdf263a1
    pristine_git_object: e6528690bf3b5e499bccc351abb0657dc36f7b35
  docs/models/operations/createappresponse.md:
    id: 06821c964f8b
    last_write_checksum: sha1:357317e66e4b7703f26de3777fc0e3438b520cf6
    pristine_git_object: 7a6e7de9907d2e50a8828b1ebcf8961724f2532e
  docs/models/operations/createappvariablerequest.md:
    id: b6f7c3436795
    last_write_checksum: sha1:3cb0bfbabf7e4fcadc98532e8affad9e1dbe257b
    pristine_git_object: 349840f195bbe4311368cf342f3a36510b107325
  docs/models/operations/createappvariableresponse.md:
    id: c22ab459449d
    last_write_checksum: sha1:2997e3902e9b95ad72de1a228b189e7e4256801c
    pristine_git_object: 07452bcd2cc549c56e03ecc0d7cb3331351df8f9
  docs/models/operations/createdeploymentrawrequest.md:
    id: ea63ae5dcab0
    last_write_checksum: sha1:1aeec59fe968426fa62c5bba7504c025fe9fb60a
    pristine_git_object: c91702f162d2d8ba5438d853b923cbb2f7e5959c
  docs/models/operations/createdeploymentrawresponse.md:
    id: 2c6b707f9b1b
    last_write_checksum: sha1:c6f967696062f9b699a0383ba5dcb150e6f4e521
    pristine_git_object: 5a5384b33004ea72c8730fc81b35d9e626ae7bc0
  docs/models/operations/createdeploymentrequest.md:
    id: 79e21a5a08cb
    last_write_checksum: sha1:afd41fd8b45a8a9ea975034b3bf77ce05ce21aa3
    pristine_git_object: 9b672d38d606232006ca85cf62a2b1cf7481eaa2
  docs/models/operations/createdeploymentresponse.md:
    id: 0ca0d30ebb83
    last_write_checksum: sha1:02db410d2fb68c69402305bc027eab8144a2652a
    pristine_git_object: d6be343012c94546e5b4c47fe8a3820c0b71a52a
  docs/models/operations/createmanifestrawrequest.md:
    id: 9c0f7a9c45fc
    last_write_checksum: sha1:eb0d79a298a2f0ce9ea151d142eb541ac985233a
    pristine_git_object: 878fcaf0ee9878454ccda3bdcf8cb240c591e541
  docs/models/operations/createmanifestrawresponse.md:
    id: 9f74a7d48f44
    last_write_checksum: sha1:f19aecd730aa1dd6c522ef982d39767ee80014d0
    pristine_git_object: 3e8b398ef51b79f60250ec70fea3fcd418fa90fd
  docs/models/operations/createmanifestrequest.md:
    id: 00ac20b869e1
    last_write_checksum: sha1:641b55f717306cb3b6dc43ebe466f53fd31effe2
    pristine_git_object: fc43bc11ea647ca0a25b407d1a301a0e0794c872
  docs/models/operations/createmanifestrequestbody.md:
    id: be4690911b9f
    last_write_checksum: sha1:a28556106cd526daf14d0784468bd8deefca9c40
    pristine_git_object: 6089e69cc8f0bacf3e67cc1de9cd7227122bb7fa
  docs/models/operations/createmanifestresponse.md:
    id: a7e3bf8362e6
    last_write_checksum: sha1:9de86374ce0bfe849f090c0ed0c309554ce7ce3f
    pristine_git_object: ea064c638fde2204a9e737ad9cb60f93390fe312
  docs/models/operations/deleteapprequest.md:
    id: 2514a7504692
    last_write_checksum: sha1:6cb69f5042032d8061fa797e849c73f8945fe8ca
    pristine_git_object: 316a4d8dd4455343e4551aecfc3deb24f8f80dcb
  docs/models/operations/deleteappresponse.md:
    id: e16e7da4c1e7
    last_write_checksum: sha1:27ad8ba2d9831e1ee63c2bc391225189ee55be88
    pristine_git_object: 5363fdba467d79ec2878085f05a04b9606522471
  docs/models/operations/deleteappvariablerequest.md:
    id: 43f868ba1805
    last_write_checksum: sha1:1cdd03262fe383836802771ed64728f8a2992a0a
    pristine_git_object: c44e4fd42fd75addf01d213cf3dab7d60479fb67
  docs/models/operations/deleteappvariableresponse.md:
    id: dcb2ef841938
    last_write_checksum: sha1:d0801eb3f8fb163d540d5bffb917a9942ce707e2
    pristine_git_object: 6a2eb11056337dcb97c23a79ae38149d6e85fab8
  docs/models/operations/deletemanifestrequest.md:
    id: b942f2d5560f
    last_write_checksum: sha1:183ec89c4a6143c58cf43fe71043102c4d379a21
    pristine_git_object: 26341ed15996027d533febb5984e8a67263a4379
  docs/models/operations/deletemanifestresponse.md:
    id: 7b9e8dfc4e3e
    last_write_checksum: sha1:aec0c2e4f2c0be4ebedd4a65d1ae968b9fb4f753
    pristine_git_object: e8a81fae4aab84de1a75fff7223f70da5d88c2d9
  docs/models/operations/listappsrequest.md:
    id: 5efe8d3cde07
    last_write_checksum: sha1:738a4635f906b469db0206d6c997bce005b4009d
    pristine_git_object: f78151ca352e2a9685b3a0ba260a722151ec07b3
  docs/models/operations/listappsresponse.md:
    id: 2c4aaa805a52
    last_write_checksum: sha1:54f047b67d567b402899316ba8dc2bae26889df4
    pristine_git_object: 4da0499356a0ebed5078ddfcfb4d5541fb92b223
  docs/models/operations/listdeploymentsrequest.md:
    id: 854523666c28
    last_write_checksum: sha1:915f97aeace5bc98f63d3694b0f59c055aa1a0d2
    pristine_git_object: 5fc4d1bbc310678e94dbb68ba59938000544c068
  docs/models/operations/listdeploymentsresponse.md:
    id: b3b1e4f8a3b8
    last_write_checksum: sha1:cfcd3928517093a37efd9602f83e8f7020a69599
    pristine_git_object: cc0444002ab9aa126d0cb3dc0eba3c4484128915
  docs/models/operations/listmanifestsrequest.md:
    id: 62d8ae59d357
    last_write_checksum: sha1:ad0b1936f3d53a037837b293a3f162ec372d5a5c
    pristine_git_object: ada5ef33d29878328aadb6546feb91c000199129
  docs/models/operations/listmanifestsresponse.md:
    id: 44929c2f905b
    last_write_checksum: sha1:c6302e89d1e353c091cde1af1e9c2dabb23565c1
    pristine_git_object: 7bb7f793707b0d54e26d1747901606391fb28594
  docs/models/operations/listmanifestversionsrequest.md:
    id: 533cb7d27434
    last_write_checksum: sha1:a0f5f971d0ea9a3dab0e30023bf8ff9075481356
    pristine_git_object: 05fdaa0e8522c10b2f3af35e63c18b6b39952fcc
  docs/models/operations/listmanifestversionsresponse.md:
    id: dc6be6e3c23d
    last_write_checksum: sha1:d6a291ff40460b4d23cf3a7f68f5c2fb564db1ca
    pristine_git_object: 0349721934edc32307e5285695b66d17c340872f
  docs/models/operations/option.md:
    id: 2ac1bd52a5fb
    last_write_checksum: sha1:bcfbc3cd4a67cf8c276f1508b8ffee0ee5bb45ad
    pristine_git_object: fe22ef08c679fa6cf8f70c453405db97a3e73c80
  docs/models/operations/pushmanifestversionrawrequest.md:
    id: fc1c2faac987
    last_write_checksum: sha1:f404defcc70c8b6dcb819dfbb63cadaf5dbc4809
    pristine_git_object: a21204cf28b22c88657a4fdabd6d2c1849a7550b
  docs/models/operations/pushmanifestversionrawresponse.md:
    id: 8e19d2bbdebe
    last_write_checksum: sha1:42c73736637c6253ea33c10626d81a9d8f19868c
    pristine_git_object: 0985bb7c163ae85312c2176af9982e25729649fc
  docs/models/operations/pushmanifestversionrequest.md:
    id: 0e437a001784
    last_write_checksum: sha1:10b1465859520d840ff12e567f335fae3d33568f
    pristine_git_object: dd1aab9d8253114ab284118c8357803585af63a0
  docs/models/operations/pushmanifestversionrequestbody.md:
    id: 529bf30dc215
    last_write_checksum: sha1:4098dfb2722b817a742dc8333b495b98314b9248
    pristine_git_object: 520019e88698de4b25bd9771b104c24bb6e550bb
  docs/models/operations/pushmanifestversionresponse.md:
    id: 6d1d879fcf12
    last_write_checksum: sha1:27da301023e0c55b1316194a4d94dfbe23be4e61
    pristine_git_object: f1e2e08b597fa4fd9248907d8f63e4fd0bcee1ec
  docs/models/operations/readappinclude.md:
    id: 666467dbec9f
    last_write_checksum: sha1:73d9cf6affda33099b60084d2bb8fde31e13360e
    pristine_git_object: 5f20740f220a8cd1fef84fb55deffc75635e0028
  docs/models/operations/readapprequest.md:
    id: 87dd15e3966c
    last_write_checksum: sha1:5f5c2f499d72fea65f8f3a29d819b55b17ef67e7
    pristine_git_object: 86116ae7bff6b3043e338b0b48d1d9da42585e53
  docs/models/operations/readappresponse.md:
    id: 516dad5c8317
    last_write_checksum: sha1:40f059afc4ded4284b1318ea86c9d6ed9d281d25
    pristine_git_object: b82b6c789db1b0f67fd3770e7d9c8c8b0ff4d41f
  docs/models/operations/readappvariablesrequest.md:
    id: da8db5c99ce3
    last_write_checksum: sha1:97fa68ea5d6123afe24cb000390c8c062ac9fb24
    pristine_git_object: 997f2a80d7aff419cd28e0b40c9fe53696dd43e5
  docs/models/operations/readappvariablesresponse.md:
    id: cd4942c5e28a
    last_write_checksum: sha1:3a9135c3914273ff65e2771e62c72eb0d2702d4a
    pristine_git_object: 4a2ae584cc7fc046ea3eead91bf6bcfcb2bed3e0
  docs/models/operations/readdeploymentinclude.md:
    id: 39b2bf052792
    last_write_checksum: sha1:ea03ce02fe35923c87f3253b0136137259b437b2
    pristine_git_object: 9f5f178921aeaadbe2f04e95347bf6ab8db0ca3e
  docs/models/operations/readdeploymentlogsrequest.md:
    id: 5ee7d0e5cf67
    last_write_checksum: sha1:d1a47b6ad4adf2c026faa535d14c024d67a29da1
    pristine_git_object: f028eaba2b067fac8e59bf80366fc37d0b94494e
  docs/models/operations/readdeploymentlogsresponse.md:
    id: 12268f3fcdce
    last_write_checksum: sha1:968b5d645086cd919249dcc7400e82fa673d2447
    pristine_git_object: 1388ac812646ffadd823d1bb11cfc4c2228b4499
  docs/models/operations/readdeploymentrequest.md:
    id: 5b96618f6491
    last_write_checksum: sha1:351adeb91ac73593b54606db1f25e3fd4321cf88
    pristine_git_object: 1311e46907a17239a80dcf20eb55867c05ecb823
  docs/models/operations/readdeploymentresponse.md:
    id: 9d554c8b4f05
    last_write_checksum: sha1:73511946b7723ebca13317d42f663542a2d08ebe
    pristine_git_object: 5a248012afe8bb6c2453ec1e359397d1dff3d712
  docs/models/operations/readmanifestrequest.md:
    id: 91ea98d58795
    last_write_checksum: sha1:16551ee11c5cc18db61ef5bace565840261c9273
    pristine_git_object: d785ed1deea75440082ca954b41e068c5ceaa1d8
  docs/models/operations/readmanifestresponse.md:
    id: e1d36c0ae15b
    last_write_checksum: sha1:c8a74e60db5d8cef75ebc600229089a50311be4b
    pristine_git_object: 35202fdef3970260c931526e27c74768acfcbd5c
  docs/models/operations/readmanifestversionrequest.md:
    id: fc96d48d85b9
    last_write_checksum: sha1:00bbd804dbee924382ff97c7f7322961cc51e081
    pristine_git_object: f917413f9384e49e31c840f4921d7ca1b7febe6c
  docs/models/operations/readmanifestversionresponse.md:
    id: ef7853e4d9d6
    last_write_checksum: sha1:8d353448be94ec6c8c03eb021d351ef4d7dffcca
    pristine_git_object: 616ab664638b0561a50a445ac7e012b863a8bf93
  docs/models/operations/updateapprequest.md:
    id: 8a75849387c1
    last_write_checksum: sha1:7783b8e18a82e7c2ff9fb2a6ee76b3d125cbab59
    pristine_git_object: 059831c358360bed849bd710f0c0393cffa3afc7
  docs/models/operations/updateappresponse.md:
    id: 7b8b6323a779
    last_write_checksum: sha1:7d2496e58922053f42abccddb3059ab263e527cc
    pristine_git_object: bd285862f57bdb86d2b5b56fc222a50516ae07cf
  docs/models/operations/updatemanifestrequest.md:
    id: f6bf88efcf70
    last_write_checksum: sha1:ab86b7f6b4de5139ec8c707cab821f7c5b56ae4a
    pristine_git_object: 0d35f2859440fe6172137d10e6f98833e47ee089
  docs/models/operations/updatemanifestresponse.md:
    id: f12a75675f76
    last_write_checksum: sha1:5effe289f872924e6ad0b6c32651c1fdd28acd31
    pristine_git_object: f8b0e9ef7ee64c5c8ade8601fac272aa7909171e
  docs/sdks/deployserver/README.md:
    id: 7bbb48696892
    last_write_checksum: sha1:2fc61dfc531da7caffa63b543e3dd171e155cd0b
    pristine_git_object: 39622fe94581bd8457e8936673fe0744004f4514
  go.mod:
    id: c47645c391ad
    last_write_checksum: sha1:ccfac949478bd60fae3010350a17ef6c9e8580bf
    pristine_git_object: 3189bf069eaf8dfb9018c4b403d2ff4a7e33e9c6
  internal/config/sdkconfiguration.go:
    id: 33b8bfac5265
    last_write_checksum: sha1:78dca4bf8f1816129071559aa9e304c5331f3e19
    pristine_git_object: e0e5bebf73a006dfe3891faac24c6321653b1011
  internal/hooks/hooks.go:
    id: 336be70ed5c0
    last_write_checksum: sha1:93d4659d008e4af51582e5407bae6307cdfa6cc5
    pristine_git_object: 1c56d5ce358bced3f581f40e7153ce52ea0ceb93
  internal/utils/contenttype.go:
    id: 928a56fe6755
    last_write_checksum: sha1:6dbe211b4ac5c1fbdbb8c7c424b53235e475ee8b
    pristine_git_object: 3b9cb4f30d5462abd9f4731c56329705007b48ce
  internal/utils/env.go:
    id: ac8bab30c73d
    last_write_checksum: sha1:d2b3f4f53b89ba26a1e72b900c3b6698cb506f0f
    pristine_git_object: dbdbd7efa2e81c689903863518f919fe53724c55
  internal/utils/form.go:
    id: 8ea133d76535
    last_write_checksum: sha1:9f7482eb202bcb215a4b05434a055e7f961b8bc5
    pristine_git_object: 10d0d48c5b66efbc628794313a2ff142607f80e0
  internal/utils/headers.go:
    id: 90d4f18d4adf
    last_write_checksum: sha1:c871b832292cdd14b084d1776d152d97d88c0be9
    pristine_git_object: 2984ad8006036daa31fce2150aa2bf474ccaf03c
  internal/utils/json.go:
    id: ad03e3c502d8
    last_write_checksum: sha1:47f52874aaab4c131525670ac0d31aa920086c2a
    pristine_git_object: 475c377c784f552d7e87de1b4b34c76cb8877eec
  internal/utils/pathparams.go:
    id: 1f3e0c30fd90
    last_write_checksum: sha1:5d04a2c089dc39a1d30f7979e2b01f491d0f3ab8
    pristine_git_object: d0d7e090f1337cc4226af2d64690200064200d66
  internal/utils/queryparams.go:
    id: e7f604e65a58
    last_write_checksum: sha1:c02123a916948bb574dcea3435c4d1a460837938
    pristine_git_object: 007c562439e9be1a1e3466f5a17bc88d17cd89b8
  internal/utils/requestbody.go:
    id: 22445ec1c044
    last_write_checksum: sha1:41fa8b7dee442da9974cf72f079ff7259a963502
    pristine_git_object: 18d55197c498ec347fb8d0944a97c348b590a2fa
  internal/utils/retries.go:
    id: b5e011d15c2d
    last_write_checksum: sha1:b7e456ba26fb5c7fca1e2f0de5d0e81c545c9a6e
    pristine_git_object: 9d899d17a817ca495c087060986eb94a82ebd845
  internal/utils/security.go:
    id: eeb54c55241b
    last_write_checksum: sha1:e2164e6a9dc13323d8025092c56d03bbddf146ac
    pristine_git_object: a90d91a34aa8b1f8452ac053014b2042c74d034f
  internal/utils/union.go:
    id: db86c85746b6
    last_write_checksum: sha1:ae0360910936ce3fb4a2bd4aeb690c4185bbb80d
    pristine_git_object: 52acb35dfc06cb972dc92c538e51c774cf717ea8
  internal/utils/union_test.go:
    id: 4b56247171bd
    last_write_checksum: sha1:43870b26efe508d444a348b12aa0198b86d69e17
    pristine_git_object: 81fb52e861333f8bcf79519e6fa819998cf2798d
  internal/utils/utils.go:
    id: 1133b2a27019
    last_write_checksum: sha1:78cf8a70f75ceb1c6a0155381c79d1661172b19f
    pristine_git_object: a3c2bcdf7edbd5daa9ae2e3af480f0861f8474b3
  models/apierrors/apierror.go:
    id: 4cecf27a5a54
    last_write_checksum: sha1:381f21ea747ea015453c234c9489aca812e139f2
    pristine_git_object: 7974d2a957da853ba871dec5f8b55062e1b6debf
  models/apierrors/error.go:
    id: 4b4731adf85f
    last_write_checksum: sha1:7c904184238189b67c0dc9d852485fa69c993179
    pristine_git_object: 3216263c45c4b5e21766a1f164f0c0a94e1ca931
  models/components/app.go:
    id: 9c69c824fb8f
    last_write_checksum: sha1:5c99247965bdac4495e994af300d8c15a65242a1
    pristine_git_object: 5a865c0c71ea8511f07395ff527f33915b62624a
  models/components/appresponse.go:
    id: b25e95988f98
    last_write_checksum: sha1:1bfd097001d33ab7ee59f46af273f580d59d1c58
    pristine_git_object: 33edf7fbf66a033955dd4f47651babc06bb5426e
  models/components/createapprequest.go:
    id: 0af34a35e29f
    last_write_checksum: sha1:40d84c521b00da93908a60a88a094512e2e41518
    pristine_git_object: f8efe94841634e24768fea038a35454ac212c0b9
  models/components/createdeploymentrequest.go:
    id: 22e94762a36e
    last_write_checksum: sha1:b448c0624d8bc3f86f9aac036a0139b2ef86f667
    pristine_git_object: 37a6dcb6058a1fcfbbfd9191c00717d4b8532dde
  models/components/createmanifestresponse.go:
    id: 8a09822d66c1
    last_write_checksum: sha1:f883a1731f0716e265a7ed30378cae56dee637d3
    pristine_git_object: 4532b178146d96fc897d246eff45d623ac098558
  models/components/createvariablerequest.go:
    id: 488ed9ed73b4
    last_write_checksum: sha1:6dad11fecda3f9df54a90dc5bda33496c7ee5904
    pristine_git_object: 9a299f3795b76ddc687ab5cd39b629bae92ecc56
  models/components/createvariableresponse.go:
    id: 00d4e6ccb333
    last_write_checksum: sha1:5ebf70f308832820ee08a1e7085a783eab30424b
    pristine_git_object: 8486f09e0ef6802ab6c10d0d0e2d0f2642166964
  models/components/deploymentresource.go:
    id: 07bccccda991
    last_write_checksum: sha1:f5754ea3eda1d1b9a98e5e12a1fe85a52a8a6fff
    pristine_git_object: d2a95779065a5c6c53bd8958d66b3d523e658424
  models/components/deploymentresponse.go:
    id: cec4476a3fd8
    last_write_checksum: sha1:3873e3a69107cbb82efbb1ea5f8a0fa5d3f6ac53
    pristine_git_object: e3b7e32d22573b892fcaf72e3512de9b7b0633b5
  models/components/error.go:
    id: 101a721ad2e7
    last_write_checksum: sha1:8a2878902488471c0f5886173385bd1762127780
    pristine_git_object: 3d663dcc392be5baeb5b416eaf52b8271b7303df
  models/components/httpmetadata.go:
    id: 790bad4a7abb
    last_write_checksum: sha1:0198fe52c644528e0ca265e95166b296b70632b4
    pristine_git_object: 49b58c940ad027f8d35deb3d19a3f3ba60176296
  models/components/listappsresponse.go:
    id: be17d7d20579
    last_write_checksum: sha1:a5cdc883a1b98de7a257180c85edf40eee182832
    pristine_git_object: d91d6e67015ebe40d2d954db984479c2a8957e40
  models/components/listdeploymentsresponse.go:
    id: c81969fa6fd8
    last_write_checksum: sha1:cddfefe4782b7a6824d0e132f4f11d979d595671
    pristine_git_object: 2f8844f16dd202fe745bb6ae649361e2ac2cbd8f
  models/components/listmanifestsresponse.go:
    id: 8ed2ba8f477d
    last_write_checksum: sha1:067bc89e626dcba06625e221e24ea1cf21bd9d7c
    pristine_git_object: 4c54c4fc4a971effc6960213e549f03958e6d224
  models/components/listmanifestversionsresponse.go:
    id: a74974d4f433
    last_write_checksum: sha1:f519a05edaf19584adbd60ca3aae4ca5c46b43e4
    pristine_git_object: 287c29f3b5e490035182b930ddc3f015d37f1f5c
  models/components/log.go:
    id: "076958063552"
    last_write_checksum: sha1:08f93eab2190052f9affb791dbc491700485388a
    pristine_git_object: 014faaf92105efcd6b6f480bbeeaa978cd0f7523
  models/components/manifest.go:
    id: dc929f032587
    last_write_checksum: sha1:3465024c145021a69cc1d2736ce4cb0d5cd68b11
    pristine_git_object: c9cfb7da0d06841c061e2a66d1d6e3337232b132
  models/components/manifestresponse.go:
    id: 826d316fa365
    last_write_checksum: sha1:3772dc6ac0335e105bb5c2c3cb798e7aec4e5869
    pristine_git_object: 9e92054721ca35d11dc54993d7e0282fb5e24d7e
  models/components/manifestversion.go:
    id: ebe526a37dd8
    last_write_checksum: sha1:d2cfcd1b2bf002488b3e38e3f12fa6bfc872c5e7
    pristine_git_object: 0344b172778559a0c1161794d0923b6ef9c955e7
  models/components/manifestversionresponse.go:
    id: 30f8a7e13cc2
    last_write_checksum: sha1:6241b4f37a61256bda363111b331e36afc1e0d8f
    pristine_git_object: 80e366ca2043ac7158c75269942f9da54943f81c
  models/components/readlogsresponse.go:
    id: 90e15a603a44
    last_write_checksum: sha1:3cdcbe5ac1e537507ccdc81ec71bef53b0384af0
    pristine_git_object: f2d84592e4c2946e92abf391eb06ac2b96015e88
  models/components/readvariablesresponse.go:
    id: 4b628607f38f
    last_write_checksum: sha1:50bba846aa0abff0cb644aa6ed9b740100682056
    pristine_git_object: f9f233b9b95f0afdaed6dd01a365a53d08592beb
  models/components/state.go:
    id: cb569493a6e4
    last_write_checksum: sha1:2960474737e42f46e1f67bcec0a98270babbeaaf
    pristine_git_object: 36d6cfe58680824e3652028111ecb28913a98af2
  models/components/updateapprequest.go:
    id: 02e323c36bcb
    last_write_checksum: sha1:ef3cc70fe08244f4ebb38742e2086444ac1a67ba
    pristine_git_object: 7045a1fba0e3d8531d9773aab4ed0f4689360ee7
  models/components/updatemanifestrequest.go:
    id: 2528e271ad88
    last_write_checksum: sha1:86c356f8e623c2092f1788a28e6e963199e5dd08
    pristine_git_object: 8cd2a3858debf89dd5f196c2e7b9750f612f743f
  models/components/variable.go:
    id: 37684cf48fa4
    last_write_checksum: sha1:716bdab940d9e74422327c676089410b483b134b
    pristine_git_object: 839f2ea73f0755547ba0b11174f7263e98ba0b87
  models/components/variabledata.go:
    id: c47e6d6b22e2
    last_write_checksum: sha1:f18eaccc07eb9c59c6ac2b573d680b09115ec673
    pristine_git_object: 9ca7263b061adcb74269a1b7e1738febe66142dc
  models/operations/createapp.go:
    id: 5854dfd707b5
    last_write_checksum: sha1:662f38efed6fcd5a485f124d983815d71c5b0aae
    pristine_git_object: 3c06d4a1c5a035c3a395a7164e1d7a64f2bfe206
  models/operations/createappvariable.go:
    id: 23dce5a300a7
    last_write_checksum: sha1:7f18af8d0b93a268b6a831856e01c8a892825da3
    pristine_git_object: 6e6b587c8a8a6f6381df8bd34c06a9fd11d7578f
  models/operations/createdeployment.go:
    id: fc879f2c4bd0
    last_write_checksum: sha1:f567f56ff899fc417b32428f3426a3d1f967c421
    pristine_git_object: 65b97e927ff9245e7d3658e07a9ed7579fd29ad5
  models/operations/createdeploymentraw.go:
    id: e1dd7c0d9c16
    last_write_checksum: sha1:5798b6f99bf37e6914c92fc48b9dd36f52edcc99
    pristine_git_object: a6896a5109ca246182479739664240ec6be66ab2
  models/operations/createmanifest.go:
    id: a6767be7cb3c
    last_write_checksum: sha1:40dc3cec8e7e4659d81742b00339774d64a23e1a
    pristine_git_object: 99920019b3e7b2a9bfd3244fed6b4bfb949acc55
  models/operations/createmanifestraw.go:
    id: 1cb46a50dbc7
    last_write_checksum: sha1:62922e788543039e5bf4eb523bde95048030ae58
    pristine_git_object: 71aeab2d315ef7db71bfa5b302bf822cb3547cf4
  models/operations/deleteapp.go:
    id: 16ffc0588ffa
    last_write_checksum: sha1:ad8037d95b7d56984167b1e03b0ec31ce82765b8
    pristine_git_object: ebfdb3190b0740fdc5b0f967af0a432b402e86b4
  models/operations/deleteappvariable.go:
    id: a1a35df253e4
    last_write_checksum: sha1:e7adcc4d853d2866a7559bf5f0c08d533e0debd8
    pristine_git_object: ad5019fede49c81723ca34e1a2bf474752aea945
  models/operations/deletemanifest.go:
    id: a9e05f283389
    last_write_checksum: sha1:d9b5b22243bad0bb985c474d9e666147ec8554e2
    pristine_git_object: 06b43a2ff341f3eef670d9e1981915fab88b3613
  models/operations/listapps.go:
    id: 73fbcbeab28f
    last_write_checksum: sha1:696ecf1b2b8144ec3aeb4c0925af9c290b9b1e4d
    pristine_git_object: 6f451a515eb38f89905d35ce884df8a117cd26a7
  models/operations/listdeployments.go:
    id: 0241618e0c69
    last_write_checksum: sha1:d7b19282703c1464cb5b05c4280ea0d42f0f56d6
    pristine_git_object: ddae0d51f91006ce1a38a3f234517d60d3d257a7
  models/operations/listmanifests.go:
    id: c8df7087082a
    last_write_checksum: sha1:dd606342315736473b0133d54dfb39586c06cb54
    pristine_git_object: 6d1c50e7c1500c75e90d220d8fde9848deaaca52
  models/operations/listmanifestversions.go:
    id: c3d6a0006b82
    last_write_checksum: sha1:b53891beadf5d0b6d6dd46ea3b0075b4b9807302
    pristine_git_object: f74af98d7294c0720cd2cc4f77cd09940026fb01
  models/operations/options.go:
    id: d20dd4db9865
    last_write_checksum: sha1:a48cf400249fe4cec80746623cbbd6831141c0f2
    pristine_git_object: 0010ed4393e80d0c29c4360949997aa6422ba8b6
  models/operations/pushmanifestversion.go:
    id: 103d3cd7154c
    last_write_checksum: sha1:1e79c961001d02886374474081b2f444092bad78
    pristine_git_object: d8c0578c883f8c5b9099bf95a10aa8689760954e
  models/operations/pushmanifestversionraw.go:
    id: 4407558a1706
    last_write_checksum: sha1:9ce5959e88ad074e86ae993b66b9057fd6e25ca8
    pristine_git_object: 03411e7c0ab6606e466a50ee95861384dab8e0d1
  models/operations/readapp.go:
    id: 5ffcd917de05
    last_write_checksum: sha1:616311f2d52977d2cc3d7fdb21ae16a111d242dd
    pristine_git_object: ff16e36f0a7c3d5e1ec8615c8f74d3cafcf48e6d
  models/operations/readappvariables.go:
    id: 3c029298a72b
    last_write_checksum: sha1:42b249b334f33657dd22a96047018ed05094490d
    pristine_git_object: f642a034afb0cef123f3eeba201c9aad7134907c
  models/operations/readdeployment.go:
    id: 91ac6c44d1bd
    last_write_checksum: sha1:34ef44770f6ad1eb358ceb0ccafaed564f81c1b7
    pristine_git_object: d4cd445dc96ddad62666d77517941bbc0090113b
  models/operations/readdeploymentlogs.go:
    id: 33138b5f3516
    last_write_checksum: sha1:50ac57766820913a5b2874e706f060d7960f2126
    pristine_git_object: 0ac0a7172e2154a2bf949f88dc8cf506b961d86e
  models/operations/readmanifest.go:
    id: 9724390accda
    last_write_checksum: sha1:05f74864cfc4c59747feb25d41ec3bebd6d1c98d
    pristine_git_object: 2beac53507d2723d66beb5ff16d1bd7ccdd9112b
  models/operations/readmanifestversion.go:
    id: 6d717792910c
    last_write_checksum: sha1:8c5b0e35b09d98b466e65664f39f4490ebd8ee5e
    pristine_git_object: 586511fc2e9efab59cef96a965f108748bb81297
  models/operations/updateapp.go:
    id: d3f1951d5c54
    last_write_checksum: sha1:719d31225d99a895e93220742ac70812869b204b
    pristine_git_object: e0aa500334cedfc25ef02b5d46a340c376904c0d
  models/operations/updatemanifest.go:
    id: b0676a872835
    last_write_checksum: sha1:38ed2a5a9906f5127af079bd489c45a674456162
    pristine_git_object: 3b64059f09e9cae116efb9f9d8d58ef8bf0a21e2
  optionalnullable/optionalnullable.go:
    id: ce60f259ead3
    last_write_checksum: sha1:d65954ba9be9e724bae40a5d2d09b052ed65628e
    pristine_git_object: b0b69dcd7c4f2fff71f5910906c00a01e371b640
  optionalnullable/optionalnullable_test.go:
    id: ad67101ebca3
    last_write_checksum: sha1:623e7949676be2d6b074dbf918fd33c48c73d237
    pristine_git_object: 6b7cc5f07542d1672a056219fc6e47d5acc64f44
  retry/config.go:
    id: 82d673cb0389
    last_write_checksum: sha1:cc1a5573c4b4d8c50a26a5f15ab34f26ad44505f
    pristine_git_object: 2447d253bd0de537447838e007209837c0615624
  types/bigint.go:
    id: 6f911e1a03c3
    last_write_checksum: sha1:6e5229a7ce0f5c23a87ed384abcb758fbfa1ca8f
    pristine_git_object: a6e1e46e61e4a8de364507760578901fef0cc6c1
  types/date.go:
    id: 231a623ce1b7
    last_write_checksum: sha1:189f3dfb1a4ecf06552bb2b7eb1877171f74ca8f
    pristine_git_object: b4bdc8ecd930d94acd0546c014b311a718b9e78b
  types/datetime.go:
    id: 5023aac30a47
    last_write_checksum: sha1:856bfc5abef63a32cd7141c423d62d1132514496
    pristine_git_object: 7739aadb178118aacc9993d1be4ca225a9333ffd
  types/pointers.go:
    id: 6d0d0a6cb6f3
    last_write_checksum: sha1:d24c0150589efefa932d9ad9a1cc18fb530e3206
    pristine_git_object: 8c0b30bedb7a08a394ae78937999e46f111c6a5b
examples:
  listApps:
    speakeasy-default-list-apps:
      parameters:
        query:
          organizationId: "<id>"
      responses:
        "200":
          application/json: {"data": {"items": []}}
        default:
          application/json: {"errorCode": "<value>"}
  createApp:
    speakeasy-default-create-app:
      requestBody:
        application/json: {"name": "<value>"}
      responses:
        "201":
          application/json: {"data": {"id": "<id>", "name": "<value>"}}
        default:
          application/json: {"errorCode": "<value>"}
  updateApp:
    speakeasy-default-update-app:
      parameters:
        path:
          id: "<id>"
      requestBody:
        application/json: {"name": "<value>"}
      responses:
        default:
          application/json: {"errorCode": "<value>"}
  readApp:
    speakeasy-default-read-app:
      parameters:
        path:
          id: "<id>"
      responses:
        "200":
          application/json: {"data": {"id": "<id>", "name": "<value>"}}
        default:
          application/json: {"errorCode": "<value>"}
  deleteApp:
    speakeasy-default-delete-app:
      parameters:
        path:
          id: "<id>"
      responses:
        default:
          application/json: {"errorCode": "<value>"}
  readAppCurrentStateVersion:
    speakeasy-default-read-app-current-state-version:
      parameters:
        path:
          id: "<id>"
      responses:
        "200":
          application/json: {"data": {"stack": {"key": "<value>", "key1": "<value>", "key2": "<value>"}}}
        default:
          application/json: {"errorCode": "<value>"}
  readAppVariables:
    speakeasy-default-read-app-variables:
      parameters:
        path:
          id: "<id>"
      responses:
        "200":
          application/json: {"data": {}}
        default:
          application/json: {"errorCode": "<value>"}
  createAppVariable:
    speakeasy-default-create-app-variable:
      parameters:
        path:
          id: "<id>"
      requestBody:
        application/json: {"variable": {"key": "<key>", "value": "<value>", "sensitive": false}}
      responses:
        "201":
          application/json: {"data": {"key": "<key>", "value": "<value>", "sensitive": false, "id": "<id>"}}
        default:
          application/json: {"errorCode": "<value>"}
  deleteAppVariable:
    speakeasy-default-delete-app-variable:
      parameters:
        path:
          id: "<id>"
          variableId: "<id>"
      responses:
        default:
          application/json: {"errorCode": "<value>"}
  readAppRuns:
    speakeasy-default-read-app-runs:
      parameters:
        path:
          id: "<id>"
      responses:
        "200":
          application/json: {"data": {"items": [{"id": "<id>", "autoApply": true, "createdAt": "2025-03-02T05:46:18.656Z", "isDestroy": false, "hasChanges": true, "message": "<value>", "planOnly": true, "refresh": false, "refreshOnly": true, "savePlan": true, "status": "<value>"}]}}
        default:
          application/json: {"errorCode": "<value>"}
  readAppVersions:
    speakeasy-default-read-app-versions:
      parameters:
        path:
          id: "<id>"
      responses:
        "200":
          application/json: {"data": {"items": []}}
        default:
          application/json: {"errorCode": "<value>"}
  deployAppConfiguration:
    speakeasy-default-deploy-app-configuration-raw:
      parameters:
        path:
          id: "<id>"
      requestBody:
        application/yaml: "x-file: example.file"
      responses:
        "202":
          application/json: {"data": {"id": "<id>", "autoApply": true, "createdAt": "2025-06-20T11:04:58.624Z", "isDestroy": false, "hasChanges": false, "message": "<value>", "planOnly": true, "refresh": true, "refreshOnly": true, "savePlan": false, "status": "<value>"}}
        default:
          application/json: {"errorCode": "<value>"}
    speakeasy-default-deploy-app-configuration:
      parameters:
        path:
          id: "<id>"
      requestBody:
        application/json: {"stack": {"name": "<value>", "region": {}}}
      responses:
        "202":
          application/json: {"data": {"id": "<id>", "autoApply": true, "createdAt": "2025-06-20T11:04:58.624Z", "isDestroy": false, "hasChanges": false, "message": "<value>", "planOnly": true, "refresh": true, "refreshOnly": true, "savePlan": false, "status": "<value>"}}
        default:
          application/json: {"errorCode": "<value>"}
  readCurrentRun:
    speakeasy-default-read-current-run:
      parameters:
        path:
          id: "<id>"
      responses:
        "200":
          application/json: {"data": {"id": "<id>", "autoApply": true, "createdAt": "2025-08-19T01:34:09.674Z", "isDestroy": true, "hasChanges": true, "message": "<value>", "planOnly": false, "refresh": false, "refreshOnly": false, "savePlan": true, "status": "<value>"}}
        default:
          application/json: {"errorCode": "<value>"}
  readVersion:
    speakeasy-default-read-version:
      parameters:
        path:
          id: "<id>"
      responses:
        "200":
          application/json: {"data": {"id": "<id>", "autoQueueRuns": false, "error": "<value>", "errorMessage": "<value>", "status": "uploaded"}}
          application/gzip: "x-file: example.file"
          application/yaml: "x-file: example.file"
        default:
          application/json: {"errorCode": "<value>"}
  readRun:
    speakeasy-default-read-run:
      parameters:
        path:
          id: "<id>"
      responses:
        "200":
          application/json: {"data": {"id": "<id>", "autoApply": false, "createdAt": "2024-05-09T05:04:30.620Z", "isDestroy": false, "hasChanges": false, "message": "<value>", "planOnly": false, "refresh": false, "refreshOnly": true, "savePlan": true, "status": "<value>"}}
        default:
          application/json: {"errorCode": "<value>"}
  readRunLogs:
    speakeasy-default-read-run-logs:
      parameters:
        path:
          id: "<id>"
      responses:
        "200":
          application/json: {}
        default:
          application/json: {"errorCode": "<value>"}
  readCurrentRunLogs:
    speakeasy-default-read-current-run-logs:
      parameters:
        path:
          id: "<id>"
      responses:
        "200":
          application/json: {}
        default:
          application/json: {"errorCode": "<value>"}
  readCurrentAppVersion:
    speakeasy-default-read-current-app-version:
      parameters:
        path:
          id: "<id>"
      responses:
        "200":
          application/json: {"data": {"id": "<id>", "autoQueueRuns": false, "error": "<value>", "errorMessage": "<value>", "status": "errored"}}
          application/gzip: "x-file: example.file"
          application/yaml: "x-file: example.file"
        default:
          application/json: {"errorCode": "<value>"}
  createManifest:
    speakeasy-default-create-manifest-raw:
      parameters:
        query:
          name: "<value>"
      requestBody:
        application/yaml: "x-file: example.file"
      responses:
        "201":
          application/json: {"data": {"id": "<id>", "version": 342622, "name": "<value>", "createdAt": "2026-06-07T23:43:24.174Z"}}
        default:
          application/json: {"errorCode": "<value>"}
    speakeasy-default-create-manifest:
      parameters:
        query:
          name: "<value>"
      requestBody:
        application/json: {}
      responses:
        "201":
          application/json: {"data": {"id": "<id>", "version": 342622, "name": "<value>", "createdAt": "2026-06-07T23:43:24.174Z"}}
        default:
          application/json: {"errorCode": "<value>"}
  listManifests:
    speakeasy-default-list-manifests:
      responses:
        "200":
          application/json: {"data": {"items": []}}
        default:
          application/json: {"errorCode": "<value>"}
  readManifest:
    speakeasy-default-read-manifest:
      parameters:
        path:
          manifestId: "<id>"
      responses:
        "200":
          application/json: {"data": {"id": "<id>", "name": "<value>", "latestVersion": 449356, "createdAt": "2025-01-13T21:01:06.775Z", "updatedAt": "2026-12-07T01:47:24.857Z"}}
          application/gzip: "x-file: example.file"
        default:
          application/json: {"errorCode": "<value>"}
  updateManifest:
    speakeasy-default-update-manifest:
      parameters:
        path:
          manifestId: "<id>"
      requestBody:
        application/json: {"name": "<value>"}
      responses:
        "200":
          application/json: {"data": {"id": "<id>", "name": "<value>", "latestVersion": 797309, "createdAt": "2026-04-09T21:16:18.941Z", "updatedAt": "2026-09-02T19:43:33.178Z"}}
        default:
          application/json: {"errorCode": "<value>"}
  deleteManifest:
    speakeasy-default-delete-manifest:
      parameters:
        path:
          manifestId: "<id>"
      responses:
        "409":
          application/json: {"errorCode": "<value>"}
        default:
          application/json: {"errorCode": "<value>"}
  pushManifestVersion:
    speakeasy-default-push-manifest-version-raw:
      parameters:
        path:
          manifestId: "<id>"
      requestBody:
        application/yaml: "x-file: example.file"
      responses:
        "201":
          application/json: {"data": {"manifestId": "<id>", "version": 836923, "createdAt": "2024-10-29T19:28:36.110Z"}}
        default:
          application/json: {"errorCode": "<value>"}
    speakeasy-default-push-manifest-version:
      parameters:
        path:
          manifestId: "<id>"
      requestBody:
        application/json: {}
      responses:
        "201":
          application/json: {"data": {"manifestId": "<id>", "version": 836923, "createdAt": "2024-10-29T19:28:36.110Z"}}
        default:
          application/json: {"errorCode": "<value>"}
  listManifestVersions:
    speakeasy-default-list-manifest-versions:
      parameters:
        path:
          manifestId: "<id>"
      responses:
        "200":
          application/json: {"data": {"items": [{"manifestId": "<id>", "version": 473763, "createdAt": "2026-09-04T02:17:14.806Z"}]}}
        default:
          application/json: {"errorCode": "<value>"}
  readManifestVersion:
    speakeasy-default-read-manifest-version:
      parameters:
        path:
          manifestId: "<id>"
          version: "<value>"
      responses:
        "200":
          application/json: {"data": {"manifestId": "<id>", "version": 291553, "createdAt": "2024-12-09T16:22:04.214Z"}}
          application/x-yaml: "x-file: example.file"
        default:
          application/json: {"errorCode": "<value>"}
  createDeployment:
    speakeasy-default-create-deployment:
      requestBody:
        application/json: {"appId": "<id>"}
      responses:
        "201":
          application/json: {"data": {"id": "<id>", "appId": "<id>", "workspaceId": "<id>", "runStatus": "<value>", "createdAt": "2024-01-07T04:35:31.471Z", "updatedAt": "2025-12-16T01:27:14.812Z"}}
        default:
          application/json: {"errorCode": "<value>"}
    speakeasy-default-create-deployment-raw:
      requestBody:
        application/yaml: "x-file: example.file"
      responses:
        "201":
          application/json: {"data": {"id": "<id>", "appId": "<id>", "workspaceId": "<id>", "runStatus": "<value>", "createdAt": "2024-01-07T04:35:31.471Z", "updatedAt": "2025-12-16T01:27:14.812Z"}}
        default:
          application/json: {"errorCode": "<value>"}
  listDeployments:
    speakeasy-default-list-deployments:
      responses:
        "200":
          application/json: {"data": {"items": [{"id": "<id>", "appId": "<id>", "workspaceId": "<id>", "runStatus": "<value>", "createdAt": "2025-10-03T23:17:35.491Z", "updatedAt": "2024-05-13T18:10:51.662Z"}]}}
        default:
          application/json: {"errorCode": "<value>"}
  readDeployment:
    speakeasy-default-read-deployment:
      parameters:
        path:
          deploymentId: "<id>"
      responses:
        "200":
          application/json: {"data": {"id": "<id>", "appId": "<id>", "workspaceId": "<id>", "runStatus": "<value>", "createdAt": "2025-06-20T10:16:58.267Z", "updatedAt": "2025-04-30T01:36:03.827Z"}}
          application/gzip: "x-file: example.file"
          application/yaml: "x-file: example.file"
        default:
          application/json: {"errorCode": "<value>"}
  readDeploymentLogs:
    speakeasy-default-read-deployment-logs:
      parameters:
        path:
          deploymentId: "<id>"
      responses:
        "200":
          application/json: {}
        default:
          application/json: {"errorCode": "<value>"}
examplesVersion: 1.0.2
generatedTests: {}
