speakeasyVersion: 1.634.1
sources:
    Terraform HCP Proxy API:
        sourceNamespace: terraform-hcp-proxy-api
        sourceRevisionDigest: sha256:6209e3098cfcfe508c9ca4fd38f6f5cf4f0fad9647c0bb9736ed4d85d87a045d
        sourceBlobDigest: sha256:d97bec27c4710227aee84433316ed401fc785749c5c2fd1e4d1e6a5961a9bf1f
        tags:
            - latest
            - 0.1.0
targets:
    deploy-server:
        source: Terraform HCP Proxy API
        sourceNamespace: terraform-hcp-proxy-api
        sourceRevisionDigest: sha256:6209e3098cfcfe508c9ca4fd38f6f5cf4f0fad9647c0bb9736ed4d85d87a045d
        sourceBlobDigest: sha256:d97bec27c4710227aee84433316ed401fc785749c5c2fd1e4d1e6a5961a9bf1f
        codeSamplesNamespace: terraform-hcp-proxy-api-go-code-samples
        codeSamplesRevisionDigest: sha256:4e70edea1f7cc7c6019b95ee643994b1faf259560f605329aeab311fd3768b4f
workflow:
    workflowVersion: 1.0.0
    speakeasyVersion: latest
    sources:
        Terraform HCP Proxy API:
            inputs:
                - location: ../../openapi/deployserver.yaml
            registry:
                location: registry.speakeasyapi.dev/formance/formance/terraform-hcp-proxy-api
    targets:
        deploy-server:
            target: go
            source: Terraform HCP Proxy API
            codeSamples:
                registry:
                    location: registry.speakeasyapi.dev/formance/formance/terraform-hcp-proxy-api-go-code-samples
                labelOverride:
                    fixedValue: Go (SDK)
                blocking: false
